
Microsoft Visual Studio Solution File, Format Version 12.00
# Visual Studio Version 16
VisualStudioVersion = 16.0.31624.102
MinimumVisualStudioVersion = 10.0.40219.1
Project("{FAE04EC0-301F-11D3-BF4B-00C04F79EFBC}") = "Game1v2", "Game1v2.csproj", "{99AD3160-7FC2-4522-8922-551CC910FB94}"
EndProject
Global
	GlobalSection(SolutionConfigurationPlatforms) = preSolution
		Debug|Any CPU = Debug|Any CPU
		Release|Any CPU = Release|Any CPU
	EndGlobalSection
	GlobalSection(ProjectConfigurationPlatforms) = postSolution
		{99AD3160-7FC2-4522-8922-551CC910FB94}.Debug|Any CPU.ActiveCfg = Debug|Any CPU
		{99AD3160-7FC2-4522-8922-551CC910FB94}.Debug|Any CPU.Build.0 = Debug|Any CPU
		{99AD3160-7FC2-4522-8922-551CC910FB94}.Release|Any CPU.ActiveCfg = Release|Any CPU
		{99AD3160-7FC2-4522-8922-551CC910FB94}.Release|Any CPU.Build.0 = Release|Any CPU
	EndGlobalSection
	GlobalSection(SolutionProperties) = preSolution
		HideSolutionNode = FALSE
	EndGlobalSection
	GlobalSection(ExtensibilityGlobals) = postSolution
		SolutionGuid = {413FBCA3-BFE8-44ED-8854-1E46CA0EE16F}
	EndGlobalSection
EndGlobal
